
Microsoft Visual Studio Solution File, Format Version 12.00
# Visual Studio Version 17
VisualStudioVersion = 17.5.33502.453
MinimumVisualStudioVersion = 10.0.40219.1
Project("{FAE04EC0-301F-11D3-BF4B-00C04F79EFBC}") = "Calculator", "Calculator\Calculator.csproj", "{104F7C51-8005-418B-BFEA-ECB491B1A540}"
EndProject
Global
	GlobalSection(SolutionConfigurationPlatforms) = preSolution
		Debug|Any CPU = Debug|Any CPU
		Release|Any CPU = Release|Any CPU
	EndGlobalSection
	GlobalSection(ProjectConfigurationPlatforms) = postSolution
		{104F7C51-8005-418B-BFEA-ECB491B1A540}.Debug|Any CPU.ActiveCfg = Debug|Any CPU
		{104F7C51-8005-418B-BFEA-ECB491B1A540}.Debug|Any CPU.Build.0 = Debug|Any CPU
		{104F7C51-8005-418B-BFEA-ECB491B1A540}.Release|Any CPU.ActiveCfg = Release|Any CPU
		{104F7C51-8005-418B-BFEA-ECB491B1A540}.Release|Any CPU.Build.0 = Release|Any CPU
	EndGlobalSection
	GlobalSection(SolutionProperties) = preSolution
		HideSolutionNode = FALSE
	EndGlobalSection
	GlobalSection(ExtensibilityGlobals) = postSolution
		SolutionGuid = {442CE6B3-3973-4819-A189-F72D5894D394}
	EndGlobalSection
EndGlobal
